<?xml version="1.0" encoding="utf-8"?>
<Project ToolsVersion="4.0" xmlns="http://schemas.microsoft.com/developer/msbuild/2003">
  <ItemGroup>
    <Filter Include="Header Files">
      <UniqueIdentifier>{93995380-89BD-4b04-88EB-625FBE52EBFB}</UniqueIdentifier>
      <Extensions>h;hpp;hxx;hm;inl;inc;xsd</Extensions>
    </Filter>
    <Filter Include="Resource Files">
      <UniqueIdentifier>{67DA6AB6-F800-4c08-8B7A-83BB121AAD01}</UniqueIdentifier>
      <Extensions>rc;ico;cur;bmp;dlg;rc2;rct;bin;rgs;gif;jpg;jpeg;jpe;resx;tiff;tif;png;wav</Extensions>
    </Filter>
    <Filter Include="Source Files">
      <UniqueIdentifier>{4FC737F1-C7A5-4376-A066-2A32D752A2FF}</UniqueIdentifier>
      <Extensions>cpp;c;cc;cxx;def;odl;idl;hpj;bat;asm;asmx</Extensions>
    </Filter>
  </ItemGroup>
  <ItemGroup>
    <ClCompile Include="Wordle\AppLookDlg.cpp">
      <Filter>Source Files</Filter>
    </ClCompile>
    <ClCompile Include="Wordle\buttondi.cpp">
      <Filter>Source Files</Filter>
    </ClCompile>
    <ClCompile Include="Wordle\chicdial.cpp">
      <Filter>Source Files</Filter>
    </ClCompile>
    <ClCompile Include="Wordle\cntritem.cpp">
      <Filter>Source Files</Filter>
    </ClCompile>
    <ClCompile Include="Wordle\datedial.cpp">
      <Filter>Source Files</Filter>
    </ClCompile>
    <ClCompile Include="Wordle\ddxm.cpp">
      <Filter>Source Files</Filter>
    </ClCompile>
    <ClCompile Include="Wordle\docopt.cpp">
      <Filter>Source Files</Filter>
    </ClCompile>
    <ClCompile Include="Wordle\doctype.cpp">
      <Filter>Source Files</Filter>
    </ClCompile>
    <ClCompile Include="Wordle\filenewd.cpp">
      <Filter>Source Files</Filter>
    </ClCompile>
    <ClCompile Include="Wordle\formatba.cpp">
      <Filter>Source Files</Filter>
    </ClCompile>
    <ClCompile Include="Wordle\formatpa.cpp">
      <Filter>Source Files</Filter>
    </ClCompile>
    <ClCompile Include="Wordle\formatta.cpp">
      <Filter>Source Files</Filter>
    </ClCompile>
    <ClCompile Include="Wordle\ipframe.cpp">
      <Filter>Source Files</Filter>
    </ClCompile>
    <ClCompile Include="Wordle\key.cpp">
      <Filter>Source Files</Filter>
    </ClCompile>
    <ClCompile Include="Wordle\listdlg.cpp">
      <Filter>Source Files</Filter>
    </ClCompile>
    <ClCompile Include="Wordle\mainfrm.cpp">
      <Filter>Source Files</Filter>
    </ClCompile>
    <ClCompile Include="Wordle\multconv.cpp">
      <Filter>Source Files</Filter>
    </ClCompile>
    <ClCompile Include="Wordle\options.cpp">
      <Filter>Source Files</Filter>
    </ClCompile>
    <ClCompile Include="Wordle\optionsh.cpp">
      <Filter>Source Files</Filter>
    </ClCompile>
    <ClCompile Include="Wordle\pageset.cpp">
      <Filter>Source Files</Filter>
    </ClCompile>
    <ClCompile Include="Wordle\ruler.cpp">
      <Filter>Source Files</Filter>
    </ClCompile>
    <ClCompile Include="Wordle\splash.cpp">
      <Filter>Source Files</Filter>
    </ClCompile>
    <ClCompile Include="Wordle\srvritem.cpp">
      <Filter>Source Files</Filter>
    </ClCompile>
    <ClCompile Include="Wordle\stdafx.cpp">
      <Filter>Source Files</Filter>
    </ClCompile>
    <ClCompile Include="Wordle\strings.cpp">
      <Filter>Source Files</Filter>
    </ClCompile>
    <ClCompile Include="Wordle\TaskPane.cpp">
      <Filter>Source Files</Filter>
    </ClCompile>
    <ClCompile Include="Wordle\unitspag.cpp">
      <Filter>Source Files</Filter>
    </ClCompile>
    <ClCompile Include="Wordle\wordpad.cpp">
      <Filter>Source Files</Filter>
    </ClCompile>
    <ClCompile Include="Wordle\wordpdoc.cpp">
      <Filter>Source Files</Filter>
    </ClCompile>
    <ClCompile Include="Wordle\wordpvw.cpp">
      <Filter>Source Files</Filter>
    </ClCompile>
  </ItemGroup>
  <ItemGroup>
    <ClInclude Include="Wordle\AppLookDlg.h">
      <Filter>Header Files</Filter>
    </ClInclude>
    <ClInclude Include="Wordle\buttondi.h">
      <Filter>Header Files</Filter>
    </ClInclude>
    <ClInclude Include="Wordle\chicdial.h">
      <Filter>Header Files</Filter>
    </ClInclude>
    <ClInclude Include="Wordle\cntritem.h">
      <Filter>Header Files</Filter>
    </ClInclude>
    <ClInclude Include="Wordle\datedial.h">
      <Filter>Header Files</Filter>
    </ClInclude>
    <ClInclude Include="Wordle\ddxm.h">
      <Filter>Header Files</Filter>
    </ClInclude>
    <ClInclude Include="Wordle\docopt.h">
      <Filter>Header Files</Filter>
    </ClInclude>
    <ClInclude Include="Wordle\doctype.h">
      <Filter>Header Files</Filter>
    </ClInclude>
    <ClInclude Include="Wordle\filenewd.h">
      <Filter>Header Files</Filter>
    </ClInclude>
    <ClInclude Include="Wordle\formatba.h">
      <Filter>Header Files</Filter>
    </ClInclude>
    <ClInclude Include="Wordle\formatpa.h">
      <Filter>Header Files</Filter>
    </ClInclude>
    <ClInclude Include="Wordle\formatta.h">
      <Filter>Header Files</Filter>
    </ClInclude>
    <ClInclude Include="Wordle\helpids.h">
      <Filter>Header Files</Filter>
    </ClInclude>
    <ClInclude Include="Wordle\ipframe.h">
      <Filter>Header Files</Filter>
    </ClInclude>
    <ClInclude Include="Wordle\key.h">
      <Filter>Header Files</Filter>
    </ClInclude>
    <ClInclude Include="Wordle\listdlg.h">
      <Filter>Header Files</Filter>
    </ClInclude>
    <ClInclude Include="Wordle\MainFrm.h">
      <Filter>Header Files</Filter>
    </ClInclude>
    <ClInclude Include="Wordle\mswd6_32.h">
      <Filter>Header Files</Filter>
    </ClInclude>
    <ClInclude Include="Wordle\multconv.h">
      <Filter>Header Files</Filter>
    </ClInclude>
    <ClInclude Include="Wordle\options.h">
      <Filter>Header Files</Filter>
    </ClInclude>
    <ClInclude Include="Wordle\optionsh.h">
      <Filter>Header Files</Filter>
    </ClInclude>
    <ClInclude Include="Wordle\pageset.h">
      <Filter>Header Files</Filter>
    </ClInclude>
    <ClInclude Include="Wordle\Resource.h">
      <Filter>Header Files</Filter>
    </ClInclude>
    <ClInclude Include="Wordle\ruler.h">
      <Filter>Header Files</Filter>
    </ClInclude>
    <ClInclude Include="Wordle\splash.h">
      <Filter>Header Files</Filter>
    </ClInclude>
    <ClInclude Include="Wordle\srvritem.h">
      <Filter>Header Files</Filter>
    </ClInclude>
    <ClInclude Include="Wordle\stdafx.h">
      <Filter>Header Files</Filter>
    </ClInclude>
    <ClInclude Include="Wordle\strings.h">
      <Filter>Header Files</Filter>
    </ClInclude>
    <ClInclude Include="Wordle\targetver.h">
      <Filter>Header Files</Filter>
    </ClInclude>
    <ClInclude Include="Wordle\TaskPane.h">
      <Filter>Header Files</Filter>
    </ClInclude>
    <ClInclude Include="Wordle\unitspag.h">
      <Filter>Header Files</Filter>
    </ClInclude>
    <ClInclude Include="Wordle\wordpad.h">
      <Filter>Header Files</Filter>
    </ClInclude>
    <ClInclude Include="Wordle\wordpdoc.h">
      <Filter>Header Files</Filter>
    </ClInclude>
    <ClInclude Include="Wordle\wordpvw.h">
      <Filter>Header Files</Filter>
    </ClInclude>
  </ItemGroup>
  <ItemGroup>
    <None Include="res\bitmap1.bmp">
      <Filter>Resource Files</Filter>
    </None>
    <None Include="res\border_type.bmp">
      <Filter>Resource Files</Filter>
    </None>
    <None Include="res\font.bmp">
      <Filter>Resource Files</Filter>
    </None>
    <None Include="res\formatba.bmp">
      <Filter>Resource Files</Filter>
    </None>
    <None Include="res\full_scr.bmp">
      <Filter>Resource Files</Filter>
    </None>
    <None Include="res\iconnote.ico">
      <Filter>Resource Files</Filter>
    </None>
    <None Include="res\main1.bmp">
      <Filter>Resource Files</Filter>
    </None>
    <None Include="res\mainfram_hc.bmp">
      <Filter>Resource Files</Filter>
    </None>
    <None Include="res\rtfdoc.ico">
      <Filter>Resource Files</Filter>
    </None>
    <None Include="res\rulerbl.bmp">
      <Filter>Resource Files</Filter>
    </None>
    <None Include="res\rulerblm.bmp">
      <Filter>Resource Files</Filter>
    </None>
    <None Include="res\rulerdo.bmp">
      <Filter>Resource Files</Filter>
    </None>
    <None Include="res\rulerdom.bmp">
      <Filter>Resource Files</Filter>
    </None>
    <None Include="res\rulerta.bmp">
      <Filter>Resource Files</Filter>
    </None>
    <None Include="res\rulertam.bmp">
      <Filter>Resource Files</Filter>
    </None>
    <None Include="res\rulerup.bmp">
      <Filter>Resource Files</Filter>
    </None>
    <None Include="res\rulerupm.bmp">
      <Filter>Resource Files</Filter>
    </None>
    <None Include="res\srvr.bmp">
      <Filter>Resource Files</Filter>
    </None>
    <None Include="res\tasks.bmp">
      <Filter>Resource Files</Filter>
    </None>
    <None Include="res\taskspanetoolbar.bmp">
      <Filter>Resource Files</Filter>
    </None>
    <None Include="res\tasks_hc.bmp">
      <Filter>Resource Files</Filter>
    </None>
    <None Include="res\textdoc.ico">
      <Filter>Resource Files</Filter>
    </None>
    <None Include="res\toolbar_images.bmp">
      <Filter>Resource Files</Filter>
    </None>
    <None Include="res\toolbar_images_hc.bmp">
      <Filter>Resource Files</Filter>
    </None>
    <None Include="res\wordp48.bmp">
      <Filter>Resource Files</Filter>
    </None>
    <None Include="res\wordpad.ico">
      <Filter>Resource Files</Filter>
    </None>
    <None Include="res\wordpad.rc2">
      <Filter>Resource Files</Filter>
    </None>
    <None Include="res\write.ico">
      <Filter>Resource Files</Filter>
    </None>
    <None Include="Wordle\ReadMe.htm" />
  </ItemGroup>
  <ItemGroup>
    <ResourceCompile Include="Wordle\wordpad.rc">
      <Filter>Resource Files</Filter>
    </ResourceCompile>
  </ItemGroup>
</Project>