<?xml version="1.0" encoding="utf-8"?>
<Project ToolsVersion="4.0" xmlns="http://schemas.microsoft.com/developer/msbuild/2003">
  <ItemGroup>
    <Filter Include="Header Files">
      <UniqueIdentifier>{93995380-89BD-4b04-88EB-625FBE52EBFB}</UniqueIdentifier>
      <Extensions>h;hpp;hxx;hm;inl;inc;xsd</Extensions>
    </Filter>
    <Filter Include="Resource Files">
      <UniqueIdentifier>{67DA6AB6-F800-4c08-8B7A-83BB121AAD01}</UniqueIdentifier>
      <Extensions>rc;ico;cur;bmp;dlg;rc2;rct;bin;rgs;gif;jpg;jpeg;jpe;resx;tiff;tif;png;wav</Extensions>
    </Filter>
    <Filter Include="Source Files">
      <UniqueIdentifier>{4FC737F1-C7A5-4376-A066-2A32D752A2FF}</UniqueIdentifier>
      <Extensions>cpp;c;cc;cxx;def;odl;idl;hpj;bat;asm;asmx</Extensions>
    </Filter>
  </ItemGroup>
  <ItemGroup>
    <ClCompile Include="src\AppLookDlg.cpp">
      <Filter>Source Files</Filter>
    </ClCompile>
    <ClCompile Include="src\buttondi.cpp">
      <Filter>Source Files</Filter>
    </ClCompile>
    <ClCompile Include="src\chicdial.cpp">
      <Filter>Source Files</Filter>
    </ClCompile>
    <ClCompile Include="src\cntritem.cpp">
      <Filter>Source Files</Filter>
    </ClCompile>
    <ClCompile Include="src\datedial.cpp">
      <Filter>Source Files</Filter>
    </ClCompile>
    <ClCompile Include="src\ddxm.cpp">
      <Filter>Source Files</Filter>
    </ClCompile>
    <ClCompile Include="src\docopt.cpp">
      <Filter>Source Files</Filter>
    </ClCompile>
    <ClCompile Include="src\doctype.cpp">
      <Filter>Source Files</Filter>
    </ClCompile>
    <ClCompile Include="src\filenewd.cpp">
      <Filter>Source Files</Filter>
    </ClCompile>
    <ClCompile Include="src\formatba.cpp">
      <Filter>Source Files</Filter>
    </ClCompile>
    <ClCompile Include="src\formatpa.cpp">
      <Filter>Source Files</Filter>
    </ClCompile>
    <ClCompile Include="src\formatta.cpp">
      <Filter>Source Files</Filter>
    </ClCompile>
    <ClCompile Include="src\ipframe.cpp">
      <Filter>Source Files</Filter>
    </ClCompile>
    <ClCompile Include="src\key.cpp">
      <Filter>Source Files</Filter>
    </ClCompile>
    <ClCompile Include="src\listdlg.cpp">
      <Filter>Source Files</Filter>
    </ClCompile>
    <ClCompile Include="src\mainfrm.cpp">
      <Filter>Source Files</Filter>
    </ClCompile>
    <ClCompile Include="src\multconv.cpp">
      <Filter>Source Files</Filter>
    </ClCompile>
    <ClCompile Include="src\options.cpp">
      <Filter>Source Files</Filter>
    </ClCompile>
    <ClCompile Include="src\optionsh.cpp">
      <Filter>Source Files</Filter>
    </ClCompile>
    <ClCompile Include="src\pageset.cpp">
      <Filter>Source Files</Filter>
    </ClCompile>
    <ClCompile Include="src\ruler.cpp">
      <Filter>Source Files</Filter>
    </ClCompile>
    <ClCompile Include="src\splash.cpp">
      <Filter>Source Files</Filter>
    </ClCompile>
    <ClCompile Include="src\srvritem.cpp">
      <Filter>Source Files</Filter>
    </ClCompile>
    <ClCompile Include="src\stdafx.cpp">
      <Filter>Source Files</Filter>
    </ClCompile>
    <ClCompile Include="src\strings.cpp">
      <Filter>Source Files</Filter>
    </ClCompile>
    <ClCompile Include="src\TaskPane.cpp">
      <Filter>Source Files</Filter>
    </ClCompile>
    <ClCompile Include="src\unitspag.cpp">
      <Filter>Source Files</Filter>
    </ClCompile>
    <ClCompile Include="src\wordpad.cpp">
      <Filter>Source Files</Filter>
    </ClCompile>
    <ClCompile Include="src\wordpdoc.cpp">
      <Filter>Source Files</Filter>
    </ClCompile>
    <ClCompile Include="src\wordpvw.cpp">
      <Filter>Source Files</Filter>
    </ClCompile>
  </ItemGroup>
  <ItemGroup>
    <ClInclude Include="src\AppLookDlg.h">
      <Filter>Header Files</Filter>
    </ClInclude>
    <ClInclude Include="src\buttondi.h">
      <Filter>Header Files</Filter>
    </ClInclude>
    <ClInclude Include="src\chicdial.h">
      <Filter>Header Files</Filter>
    </ClInclude>
    <ClInclude Include="src\cntritem.h">
      <Filter>Header Files</Filter>
    </ClInclude>
    <ClInclude Include="src\datedial.h">
      <Filter>Header Files</Filter>
    </ClInclude>
    <ClInclude Include="src\ddxm.h">
      <Filter>Header Files</Filter>
    </ClInclude>
    <ClInclude Include="src\docopt.h">
      <Filter>Header Files</Filter>
    </ClInclude>
    <ClInclude Include="src\doctype.h">
      <Filter>Header Files</Filter>
    </ClInclude>
    <ClInclude Include="src\filenewd.h">
      <Filter>Header Files</Filter>
    </ClInclude>
    <ClInclude Include="src\formatba.h">
      <Filter>Header Files</Filter>
    </ClInclude>
    <ClInclude Include="src\formatpa.h">
      <Filter>Header Files</Filter>
    </ClInclude>
    <ClInclude Include="src\formatta.h">
      <Filter>Header Files</Filter>
    </ClInclude>
    <ClInclude Include="helpids.h">
      <Filter>Header Files</Filter>
    </ClInclude>
    <ClInclude Include="src\ipframe.h">
      <Filter>Header Files</Filter>
    </ClInclude>
    <ClInclude Include="src\key.h">
      <Filter>Header Files</Filter>
    </ClInclude>
    <ClInclude Include="src\listdlg.h">
      <Filter>Header Files</Filter>
    </ClInclude>
    <ClInclude Include="src\MainFrm.h">
      <Filter>Header Files</Filter>
    </ClInclude>
    <ClInclude Include="src\mswd6_32.h">
      <Filter>Header Files</Filter>
    </ClInclude>
    <ClInclude Include="src\multconv.h">
      <Filter>Header Files</Filter>
    </ClInclude>
    <ClInclude Include="src\options.h">
      <Filter>Header Files</Filter>
    </ClInclude>
    <ClInclude Include="src\optionsh.h">
      <Filter>Header Files</Filter>
    </ClInclude>
    <ClInclude Include="src\pageset.h">
      <Filter>Header Files</Filter>
    </ClInclude>
    <ClInclude Include="Resource.h">
      <Filter>Header Files</Filter>
    </ClInclude>
    <ClInclude Include="src\ruler.h">
      <Filter>Header Files</Filter>
    </ClInclude>
    <ClInclude Include="src\splash.h">
      <Filter>Header Files</Filter>
    </ClInclude>
    <ClInclude Include="src\srvritem.h">
      <Filter>Header Files</Filter>
    </ClInclude>
    <ClInclude Include="src\stdafx.h">
      <Filter>Header Files</Filter>
    </ClInclude>
    <ClInclude Include="src\strings.h">
      <Filter>Header Files</Filter>
    </ClInclude>
    <ClInclude Include="src\targetver.h">
      <Filter>Header Files</Filter>
    </ClInclude>
    <ClInclude Include="src\TaskPane.h">
      <Filter>Header Files</Filter>
    </ClInclude>
    <ClInclude Include="src\unitspag.h">
      <Filter>Header Files</Filter>
    </ClInclude>
    <ClInclude Include="src\wordpad.h">
      <Filter>Header Files</Filter>
    </ClInclude>
    <ClInclude Include="src\wordpdoc.h">
      <Filter>Header Files</Filter>
    </ClInclude>
    <ClInclude Include="src\wordpvw.h">
      <Filter>Header Files</Filter>
    </ClInclude>
  </ItemGroup>
  <ItemGroup>
    <None Include="res\bitmap1.bmp">
      <Filter>Resource Files</Filter>
    </None>
    <None Include="res\border_type.bmp">
      <Filter>Resource Files</Filter>
    </None>
    <None Include="res\font.bmp">
      <Filter>Resource Files</Filter>
    </None>
    <None Include="res\formatba.bmp">
      <Filter>Resource Files</Filter>
    </None>
    <None Include="res\full_scr.bmp">
      <Filter>Resource Files</Filter>
    </None>
    <None Include="res\iconnote.ico">
      <Filter>Resource Files</Filter>
    </None>
    <None Include="res\main1.bmp">
      <Filter>Resource Files</Filter>
    </None>
    <None Include="res\mainfram_hc.bmp">
      <Filter>Resource Files</Filter>
    </None>
    <None Include="res\rtfdoc.ico">
      <Filter>Resource Files</Filter>
    </None>
    <None Include="res\rulerbl.bmp">
      <Filter>Resource Files</Filter>
    </None>
    <None Include="res\rulerblm.bmp">
      <Filter>Resource Files</Filter>
    </None>
    <None Include="res\rulerdo.bmp">
      <Filter>Resource Files</Filter>
    </None>
    <None Include="res\rulerdom.bmp">
      <Filter>Resource Files</Filter>
    </None>
    <None Include="res\rulerta.bmp">
      <Filter>Resource Files</Filter>
    </None>
    <None Include="res\rulertam.bmp">
      <Filter>Resource Files</Filter>
    </None>
    <None Include="res\rulerup.bmp">
      <Filter>Resource Files</Filter>
    </None>
    <None Include="res\rulerupm.bmp">
      <Filter>Resource Files</Filter>
    </None>
    <None Include="res\srvr.bmp">
      <Filter>Resource Files</Filter>
    </None>
    <None Include="res\tasks.bmp">
      <Filter>Resource Files</Filter>
    </None>
    <None Include="res\taskspanetoolbar.bmp">
      <Filter>Resource Files</Filter>
    </None>
    <None Include="res\tasks_hc.bmp">
      <Filter>Resource Files</Filter>
    </None>
    <None Include="res\textdoc.ico">
      <Filter>Resource Files</Filter>
    </None>
    <None Include="res\toolbar_images.bmp">
      <Filter>Resource Files</Filter>
    </None>
    <None Include="res\toolbar_images_hc.bmp">
      <Filter>Resource Files</Filter>
    </None>
    <None Include="res\wordp48.bmp">
      <Filter>Resource Files</Filter>
    </None>
    <None Include="res\wordpad.ico">
      <Filter>Resource Files</Filter>
    </None>
    <None Include="res\wordpad.rc2">
      <Filter>Resource Files</Filter>
    </None>
    <None Include="res\write.ico">
      <Filter>Resource Files</Filter>
    </None>
  </ItemGroup>
  <ItemGroup>
    <ResourceCompile Include="wordpad.rc">
      <Filter>Resource Files</Filter>
    </ResourceCompile>
  </ItemGroup>
</Project>